
Microsoft Visual Studio Solution File, Format Version 12.00
# Visual Studio 2013
VisualStudioVersion = 12.0.31101.0
MinimumVisualStudioVersion = 10.0.40219.1
Project("{2150E333-8FDC-42A3-9474-1A3956D46DE8}") = "Presentation", "Presentation", "{3D7EDB80-6F09-4A56-AD98-28B6D7A030C4}"
EndProject
Project("{2150E333-8FDC-42A3-9474-1A3956D46DE8}") = "DataAccess", "DataAccess", "{473A6187-EDBE-4073-AE4C-DF5CA3B97ACC}"
EndProject
Project("{2150E333-8FDC-42A3-9474-1A3956D46DE8}") = "WebExpress", "WebExpress", "{4FF47D97-82F6-4205-9072-47D97F784634}"
EndProject
Project("{2150E333-8FDC-42A3-9474-1A3956D46DE8}") = "BussinessLogic", "BussinessLogic", "{0A44C1FE-A235-4CA7-8291-474AAC6D9557}"
EndProject
Project("{FAE04EC0-301F-11D3-BF4B-00C04F79EFBC}") = "BussinessLogic", "BussinessLogic\SE.BussinessLogic\BussinessLogic.csproj", "{95DBDC2E-7A6C-4D2B-ADB7-3DAB5D77E0EF}"
EndProject
Project("{FAE04EC0-301F-11D3-BF4B-00C04F79EFBC}") = "WebExpress.Core", "WebExpress\WebExpress.Core\WebExpress.Core.csproj", "{C5637D1E-9A03-481E-876A-76B615D860EC}"
EndProject
Project("{FAE04EC0-301F-11D3-BF4B-00C04F79EFBC}") = "WebExpress.Javascripts", "WebExpress\WebExpress.Javascripts\WebExpress.Javascripts.csproj", "{963085FA-AE42-467D-826A-3D8F1ACAB95C}"
EndProject
Project("{FAE04EC0-301F-11D3-BF4B-00C04F79EFBC}") = "WebExpress.Website", "WebExpress\WebExpress.Website\WebExpress.Website\WebExpress.Website.csproj", "{7FF99FA8-091F-45CD-97AA-78C89B427F93}"
EndProject
Project("{2150E333-8FDC-42A3-9474-1A3956D46DE8}") = "Common", "Common", "{3E998069-D502-440D-8280-46A6D93F281F}"
EndProject
Project("{FAE04EC0-301F-11D3-BF4B-00C04F79EFBC}") = "DataAccess", "DataAccess\SE.DataAccess\DataAccess.csproj", "{3BBF0F25-42D4-4F9B-9FBC-F24A765BF7DC}"
EndProject
Project("{2150E333-8FDC-42A3-9474-1A3956D46DE8}") = "Document", "Document", "{9D6820D4-45D3-4371-84AA-B048BBEE018D}"
	ProjectSection(SolutionItems) = preProject
		QA.txt = QA.txt
		Document\发布步骤.txt = Document\发布步骤.txt
		C:\Users\admin\Documents\Tencent Files\402725796\FileRecv\短信表.docx = C:\Users\admin\Documents\Tencent Files\402725796\FileRecv\短信表.docx
		C:\Users\guojun.wang\Documents\Tencent Files\402725796\FileRecv\超限统计前台展示界面确认v1.0.xlsx = C:\Users\guojun.wang\Documents\Tencent Files\402725796\FileRecv\超限统计前台展示界面确认v1.0.xlsx
	EndProjectSection
EndProject
Project("{FAE04EC0-301F-11D3-BF4B-00C04F79EFBC}") = "Website", "Presentation\SE.Website\Website.csproj", "{1F8F632D-CC06-4265-90DB-64CBDDC0FCC3}"
EndProject
Project("{FAE04EC0-301F-11D3-BF4B-00C04F79EFBC}") = "Common.Types", "Common\SE.Common.Data\Common.Types.csproj", "{2D6E0A3B-600F-477B-9901-764BB45D6A33}"
EndProject
Project("{FAE04EC0-301F-11D3-BF4B-00C04F79EFBC}") = "Common.Helpers", "Common\SE.Common.Helpers\Common.Helpers.csproj", "{E4B10EAC-B2FB-4492-9105-E7615D50A6B2}"
EndProject
Project("{FAE04EC0-301F-11D3-BF4B-00C04F79EFBC}") = "ConsoleApplicationUltraTest", "Presentation\ConsoleApplicationUltraTest\ConsoleApplicationUltraTest.csproj", "{FFE31D1D-D61C-4952-ACA9-A4B7CA4682CF}"
EndProject
Project("{FAE04EC0-301F-11D3-BF4B-00C04F79EFBC}") = "SmsUtility", "Presentation\SmsUtility\SmsUtility.csproj", "{F7856AA8-6FB8-4423-A270-9C850D053C62}"
EndProject
Project("{2150E333-8FDC-42A3-9474-1A3956D46DE8}") = "External", "External", "{7B8F9030-BEEB-4D85-8F9B-66B41210FC2D}"
EndProject
Project("{FAE04EC0-301F-11D3-BF4B-00C04F79EFBC}") = "ReportWS", "External\ReportWS\ReportWS\ReportWS.csproj", "{63DDF7F7-6FDC-47AD-A4B1-C0E415C0BD71}"
EndProject
Global
	GlobalSection(SolutionConfigurationPlatforms) = preSolution
		Debug|Any CPU = Debug|Any CPU
		Release|Any CPU = Release|Any CPU
	EndGlobalSection
	GlobalSection(ProjectConfigurationPlatforms) = postSolution
		{95DBDC2E-7A6C-4D2B-ADB7-3DAB5D77E0EF}.Debug|Any CPU.ActiveCfg = Debug|Any CPU
		{95DBDC2E-7A6C-4D2B-ADB7-3DAB5D77E0EF}.Debug|Any CPU.Build.0 = Debug|Any CPU
		{95DBDC2E-7A6C-4D2B-ADB7-3DAB5D77E0EF}.Release|Any CPU.ActiveCfg = Release|Any CPU
		{95DBDC2E-7A6C-4D2B-ADB7-3DAB5D77E0EF}.Release|Any CPU.Build.0 = Release|Any CPU
		{C5637D1E-9A03-481E-876A-76B615D860EC}.Debug|Any CPU.ActiveCfg = Debug|Any CPU
		{C5637D1E-9A03-481E-876A-76B615D860EC}.Debug|Any CPU.Build.0 = Debug|Any CPU
		{C5637D1E-9A03-481E-876A-76B615D860EC}.Release|Any CPU.ActiveCfg = Release|Any CPU
		{C5637D1E-9A03-481E-876A-76B615D860EC}.Release|Any CPU.Build.0 = Release|Any CPU
		{963085FA-AE42-467D-826A-3D8F1ACAB95C}.Debug|Any CPU.ActiveCfg = Debug|Any CPU
		{963085FA-AE42-467D-826A-3D8F1ACAB95C}.Debug|Any CPU.Build.0 = Debug|Any CPU
		{963085FA-AE42-467D-826A-3D8F1ACAB95C}.Release|Any CPU.ActiveCfg = Release|Any CPU
		{963085FA-AE42-467D-826A-3D8F1ACAB95C}.Release|Any CPU.Build.0 = Release|Any CPU
		{7FF99FA8-091F-45CD-97AA-78C89B427F93}.Debug|Any CPU.ActiveCfg = Debug|Any CPU
		{7FF99FA8-091F-45CD-97AA-78C89B427F93}.Debug|Any CPU.Build.0 = Debug|Any CPU
		{7FF99FA8-091F-45CD-97AA-78C89B427F93}.Release|Any CPU.ActiveCfg = Release|Any CPU
		{7FF99FA8-091F-45CD-97AA-78C89B427F93}.Release|Any CPU.Build.0 = Release|Any CPU
		{3BBF0F25-42D4-4F9B-9FBC-F24A765BF7DC}.Debug|Any CPU.ActiveCfg = Debug|Any CPU
		{3BBF0F25-42D4-4F9B-9FBC-F24A765BF7DC}.Debug|Any CPU.Build.0 = Debug|Any CPU
		{3BBF0F25-42D4-4F9B-9FBC-F24A765BF7DC}.Release|Any CPU.ActiveCfg = Release|Any CPU
		{3BBF0F25-42D4-4F9B-9FBC-F24A765BF7DC}.Release|Any CPU.Build.0 = Release|Any CPU
		{1F8F632D-CC06-4265-90DB-64CBDDC0FCC3}.Debug|Any CPU.ActiveCfg = Debug|Any CPU
		{1F8F632D-CC06-4265-90DB-64CBDDC0FCC3}.Debug|Any CPU.Build.0 = Debug|Any CPU
		{1F8F632D-CC06-4265-90DB-64CBDDC0FCC3}.Release|Any CPU.ActiveCfg = Release|Any CPU
		{1F8F632D-CC06-4265-90DB-64CBDDC0FCC3}.Release|Any CPU.Build.0 = Release|Any CPU
		{2D6E0A3B-600F-477B-9901-764BB45D6A33}.Debug|Any CPU.ActiveCfg = Debug|Any CPU
		{2D6E0A3B-600F-477B-9901-764BB45D6A33}.Debug|Any CPU.Build.0 = Debug|Any CPU
		{2D6E0A3B-600F-477B-9901-764BB45D6A33}.Release|Any CPU.ActiveCfg = Release|Any CPU
		{2D6E0A3B-600F-477B-9901-764BB45D6A33}.Release|Any CPU.Build.0 = Release|Any CPU
		{E4B10EAC-B2FB-4492-9105-E7615D50A6B2}.Debug|Any CPU.ActiveCfg = Debug|Any CPU
		{E4B10EAC-B2FB-4492-9105-E7615D50A6B2}.Debug|Any CPU.Build.0 = Debug|Any CPU
		{E4B10EAC-B2FB-4492-9105-E7615D50A6B2}.Release|Any CPU.ActiveCfg = Release|Any CPU
		{E4B10EAC-B2FB-4492-9105-E7615D50A6B2}.Release|Any CPU.Build.0 = Release|Any CPU
		{FFE31D1D-D61C-4952-ACA9-A4B7CA4682CF}.Debug|Any CPU.ActiveCfg = Debug|Any CPU
		{FFE31D1D-D61C-4952-ACA9-A4B7CA4682CF}.Debug|Any CPU.Build.0 = Debug|Any CPU
		{FFE31D1D-D61C-4952-ACA9-A4B7CA4682CF}.Release|Any CPU.ActiveCfg = Release|Any CPU
		{FFE31D1D-D61C-4952-ACA9-A4B7CA4682CF}.Release|Any CPU.Build.0 = Release|Any CPU
		{F7856AA8-6FB8-4423-A270-9C850D053C62}.Debug|Any CPU.ActiveCfg = Debug|Any CPU
		{F7856AA8-6FB8-4423-A270-9C850D053C62}.Debug|Any CPU.Build.0 = Debug|Any CPU
		{F7856AA8-6FB8-4423-A270-9C850D053C62}.Release|Any CPU.ActiveCfg = Release|Any CPU
		{F7856AA8-6FB8-4423-A270-9C850D053C62}.Release|Any CPU.Build.0 = Release|Any CPU
		{63DDF7F7-6FDC-47AD-A4B1-C0E415C0BD71}.Debug|Any CPU.ActiveCfg = Debug|Any CPU
		{63DDF7F7-6FDC-47AD-A4B1-C0E415C0BD71}.Debug|Any CPU.Build.0 = Debug|Any CPU
		{63DDF7F7-6FDC-47AD-A4B1-C0E415C0BD71}.Release|Any CPU.ActiveCfg = Release|Any CPU
		{63DDF7F7-6FDC-47AD-A4B1-C0E415C0BD71}.Release|Any CPU.Build.0 = Release|Any CPU
	EndGlobalSection
	GlobalSection(SolutionProperties) = preSolution
		HideSolutionNode = FALSE
	EndGlobalSection
	GlobalSection(NestedProjects) = preSolution
		{95DBDC2E-7A6C-4D2B-ADB7-3DAB5D77E0EF} = {0A44C1FE-A235-4CA7-8291-474AAC6D9557}
		{C5637D1E-9A03-481E-876A-76B615D860EC} = {4FF47D97-82F6-4205-9072-47D97F784634}
		{963085FA-AE42-467D-826A-3D8F1ACAB95C} = {4FF47D97-82F6-4205-9072-47D97F784634}
		{7FF99FA8-091F-45CD-97AA-78C89B427F93} = {4FF47D97-82F6-4205-9072-47D97F784634}
		{3BBF0F25-42D4-4F9B-9FBC-F24A765BF7DC} = {473A6187-EDBE-4073-AE4C-DF5CA3B97ACC}
		{1F8F632D-CC06-4265-90DB-64CBDDC0FCC3} = {3D7EDB80-6F09-4A56-AD98-28B6D7A030C4}
		{2D6E0A3B-600F-477B-9901-764BB45D6A33} = {3E998069-D502-440D-8280-46A6D93F281F}
		{E4B10EAC-B2FB-4492-9105-E7615D50A6B2} = {3E998069-D502-440D-8280-46A6D93F281F}
		{FFE31D1D-D61C-4952-ACA9-A4B7CA4682CF} = {3D7EDB80-6F09-4A56-AD98-28B6D7A030C4}
		{F7856AA8-6FB8-4423-A270-9C850D053C62} = {3D7EDB80-6F09-4A56-AD98-28B6D7A030C4}
		{63DDF7F7-6FDC-47AD-A4B1-C0E415C0BD71} = {7B8F9030-BEEB-4D85-8F9B-66B41210FC2D}
	EndGlobalSection
EndGlobal
